{
  "name": "cse416_lusio",
  "version": "1.0.0",
  "lockfileVersion": 1,
  "requires": true,
  "dependencies": {
    "emailjs": {
      "version": "3.6.0",
      "resolved": "https://registry.npmjs.org/emailjs/-/emailjs-3.6.0.tgz",
      "integrity": "sha512-dvg/AF2YR50AjNlGLWuA/9zN0FQxuZ6f3aTNm61iJOVTsMLphBwlzWXDyPAG3NK1RC+MVgGvBFk/x2F/Dvd0rQ=="
    },
    "emailjs-com": {
      "version": "3.2.0",
      "resolved": "https://registry.npmjs.org/emailjs-com/-/emailjs-com-3.2.0.tgz",
      "integrity": "sha512-Prbz3E1usiAwGjMNYRv6EsJ5c373cX7/AGnZQwOfrpNJrygQJ15+E9OOq4pU8yC977Z5xMetRfc3WmDX6RcjAA=="
    }
  }
}
